
Microsoft Visual Studio Solution File, Format Version 12.00
# Visual Studio 15
VisualStudioVersion = 15.0.28307.168
MinimumVisualStudioVersion = 10.0.40219.1
Project("{FAE04EC0-301F-11D3-BF4B-00C04F79EFBC}") = "PhoneApp.Android", "PhoneApp\PhoneApp.Android\PhoneApp.Android.csproj", "{FE511394-F389-42A7-97C5-DEDB2D96B4DC}"
EndProject
Project("{FAE04EC0-301F-11D3-BF4B-00C04F79EFBC}") = "PhoneApp.iOS", "PhoneApp\PhoneApp.iOS\PhoneApp.iOS.csproj", "{C6258DEA-C924-4434-A337-25E44473F30D}"
EndProject
Project("{FAE04EC0-301F-11D3-BF4B-00C04F79EFBC}") = "PhoneApp", "PhoneApp\PhoneApp\PhoneApp.csproj", "{333A2B2A-D1A4-4EC5-888B-10D5A39A9BDF}"
EndProject
Global
	GlobalSection(SolutionConfigurationPlatforms) = preSolution
		Ad-Hoc|Any CPU = Ad-Hoc|Any CPU
		Ad-Hoc|iPhone = Ad-Hoc|iPhone
		Ad-Hoc|iPhoneSimulator = Ad-Hoc|iPhoneSimulator
		AppStore|Any CPU = AppStore|Any CPU
		AppStore|iPhone = AppStore|iPhone
		AppStore|iPhoneSimulator = AppStore|iPhoneSimulator
		Debug|Any CPU = Debug|Any CPU
		Debug|iPhone = Debug|iPhone
		Debug|iPhoneSimulator = Debug|iPhoneSimulator
		Release|Any CPU = Release|Any CPU
		Release|iPhone = Release|iPhone
		Release|iPhoneSimulator = Release|iPhoneSimulator
	EndGlobalSection
	GlobalSection(ProjectConfigurationPlatforms) = postSolution
		{FE511394-F389-42A7-97C5-DEDB2D96B4DC}.Ad-Hoc|Any CPU.ActiveCfg = Release|Any CPU
		{FE511394-F389-42A7-97C5-DEDB2D96B4DC}.Ad-Hoc|Any CPU.Build.0 = Release|Any CPU
		{FE511394-F389-42A7-97C5-DEDB2D96B4DC}.Ad-Hoc|Any CPU.Deploy.0 = Release|Any CPU
		{FE511394-F389-42A7-97C5-DEDB2D96B4DC}.Ad-Hoc|iPhone.ActiveCfg = Release|Any CPU
		{FE511394-F389-42A7-97C5-DEDB2D96B4DC}.Ad-Hoc|iPhone.Build.0 = Release|Any CPU
		{FE511394-F389-42A7-97C5-DEDB2D96B4DC}.Ad-Hoc|iPhone.Deploy.0 = Release|Any CPU
		{FE511394-F389-42A7-97C5-DEDB2D96B4DC}.Ad-Hoc|iPhoneSimulator.ActiveCfg = Release|Any CPU
		{FE511394-F389-42A7-97C5-DEDB2D96B4DC}.Ad-Hoc|iPhoneSimulator.Build.0 = Release|Any CPU
		{FE511394-F389-42A7-97C5-DEDB2D96B4DC}.Ad-Hoc|iPhoneSimulator.Deploy.0 = Release|Any CPU
		{FE511394-F389-42A7-97C5-DEDB2D96B4DC}.AppStore|Any CPU.ActiveCfg = Release|Any CPU
		{FE511394-F389-42A7-97C5-DEDB2D96B4DC}.AppStore|Any CPU.Build.0 = Release|Any CPU
		{FE511394-F389-42A7-97C5-DEDB2D96B4DC}.AppStore|Any CPU.Deploy.0 = Release|Any CPU
		{FE511394-F389-42A7-97C5-DEDB2D96B4DC}.AppStore|iPhone.ActiveCfg = Release|Any CPU
		{FE511394-F389-42A7-97C5-DEDB2D96B4DC}.AppStore|iPhone.Build.0 = Release|Any CPU
		{FE511394-F389-42A7-97C5-DEDB2D96B4DC}.AppStore|iPhone.Deploy.0 = Release|Any CPU
		{FE511394-F389-42A7-97C5-DEDB2D96B4DC}.AppStore|iPhoneSimulator.ActiveCfg = Release|Any CPU
		{FE511394-F389-42A7-97C5-DEDB2D96B4DC}.AppStore|iPhoneSimulator.Build.0 = Release|Any CPU
		{FE511394-F389-42A7-97C5-DEDB2D96B4DC}.AppStore|iPhoneSimulator.Deploy.0 = Release|Any CPU
		{FE511394-F389-42A7-97C5-DEDB2D96B4DC}.Debug|Any CPU.ActiveCfg = Debug|Any CPU
		{FE511394-F389-42A7-97C5-DEDB2D96B4DC}.Debug|Any CPU.Build.0 = Debug|Any CPU
		{FE511394-F389-42A7-97C5-DEDB2D96B4DC}.Debug|Any CPU.Deploy.0 = Debug|Any CPU
		{FE511394-F389-42A7-97C5-DEDB2D96B4DC}.Debug|iPhone.ActiveCfg = Debug|Any CPU
		{FE511394-F389-42A7-97C5-DEDB2D96B4DC}.Debug|iPhone.Build.0 = Debug|Any CPU
		{FE511394-F389-42A7-97C5-DEDB2D96B4DC}.Debug|iPhone.Deploy.0 = Debug|Any CPU
		{FE511394-F389-42A7-97C5-DEDB2D96B4DC}.Debug|iPhoneSimulator.ActiveCfg = Debug|Any CPU
		{FE511394-F389-42A7-97C5-DEDB2D96B4DC}.Debug|iPhoneSimulator.Build.0 = Debug|Any CPU
		{FE511394-F389-42A7-97C5-DEDB2D96B4DC}.Debug|iPhoneSimulator.Deploy.0 = Debug|Any CPU
		{FE511394-F389-42A7-97C5-DEDB2D96B4DC}.Release|Any CPU.ActiveCfg = Release|Any CPU
		{FE511394-F389-42A7-97C5-DEDB2D96B4DC}.Release|Any CPU.Build.0 = Release|Any CPU
		{FE511394-F389-42A7-97C5-DEDB2D96B4DC}.Release|Any CPU.Deploy.0 = Release|Any CPU
		{FE511394-F389-42A7-97C5-DEDB2D96B4DC}.Release|iPhone.ActiveCfg = Release|Any CPU
		{FE511394-F389-42A7-97C5-DEDB2D96B4DC}.Release|iPhone.Build.0 = Release|Any CPU
		{FE511394-F389-42A7-97C5-DEDB2D96B4DC}.Release|iPhone.Deploy.0 = Release|Any CPU
		{FE511394-F389-42A7-97C5-DEDB2D96B4DC}.Release|iPhoneSimulator.ActiveCfg = Release|Any CPU
		{FE511394-F389-42A7-97C5-DEDB2D96B4DC}.Release|iPhoneSimulator.Build.0 = Release|Any CPU
		{FE511394-F389-42A7-97C5-DEDB2D96B4DC}.Release|iPhoneSimulator.Deploy.0 = Release|Any CPU
		{C6258DEA-C924-4434-A337-25E44473F30D}.Ad-Hoc|Any CPU.ActiveCfg = Ad-Hoc|iPhone
		{C6258DEA-C924-4434-A337-25E44473F30D}.Ad-Hoc|Any CPU.Build.0 = Ad-Hoc|iPhone
		{C6258DEA-C924-4434-A337-25E44473F30D}.Ad-Hoc|Any CPU.Deploy.0 = Ad-Hoc|iPhone
		{C6258DEA-C924-4434-A337-25E44473F30D}.Ad-Hoc|iPhone.ActiveCfg = Ad-Hoc|iPhone
		{C6258DEA-C924-4434-A337-25E44473F30D}.Ad-Hoc|iPhone.Build.0 = Ad-Hoc|iPhone
		{C6258DEA-C924-4434-A337-25E44473F30D}.Ad-Hoc|iPhone.Deploy.0 = Ad-Hoc|iPhone
		{C6258DEA-C924-4434-A337-25E44473F30D}.Ad-Hoc|iPhoneSimulator.ActiveCfg = Ad-Hoc|iPhoneSimulator
		{C6258DEA-C924-4434-A337-25E44473F30D}.Ad-Hoc|iPhoneSimulator.Build.0 = Ad-Hoc|iPhoneSimulator
		{C6258DEA-C924-4434-A337-25E44473F30D}.Ad-Hoc|iPhoneSimulator.Deploy.0 = Ad-Hoc|iPhoneSimulator
		{C6258DEA-C924-4434-A337-25E44473F30D}.AppStore|Any CPU.ActiveCfg = AppStore|iPhone
		{C6258DEA-C924-4434-A337-25E44473F30D}.AppStore|Any CPU.Build.0 = AppStore|iPhone
		{C6258DEA-C924-4434-A337-25E44473F30D}.AppStore|Any CPU.Deploy.0 = AppStore|iPhone
		{C6258DEA-C924-4434-A337-25E44473F30D}.AppStore|iPhone.ActiveCfg = AppStore|iPhone
		{C6258DEA-C924-4434-A337-25E44473F30D}.AppStore|iPhone.Build.0 = AppStore|iPhone
		{C6258DEA-C924-4434-A337-25E44473F30D}.AppStore|iPhone.Deploy.0 = AppStore|iPhone
		{C6258DEA-C924-4434-A337-25E44473F30D}.AppStore|iPhoneSimulator.ActiveCfg = AppStore|iPhoneSimulator
		{C6258DEA-C924-4434-A337-25E44473F30D}.AppStore|iPhoneSimulator.Build.0 = AppStore|iPhoneSimulator
		{C6258DEA-C924-4434-A337-25E44473F30D}.AppStore|iPhoneSimulator.Deploy.0 = AppStore|iPhoneSimulator
		{C6258DEA-C924-4434-A337-25E44473F30D}.Debug|Any CPU.ActiveCfg = Debug|iPhoneSimulator
		{C6258DEA-C924-4434-A337-25E44473F30D}.Debug|Any CPU.Build.0 = Debug|iPhoneSimulator
		{C6258DEA-C924-4434-A337-25E44473F30D}.Debug|Any CPU.Deploy.0 = Debug|iPhoneSimulator
		{C6258DEA-C924-4434-A337-25E44473F30D}.Debug|iPhone.ActiveCfg = Debug|iPhone
		{C6258DEA-C924-4434-A337-25E44473F30D}.Debug|iPhone.Build.0 = Debug|iPhone
		{C6258DEA-C924-4434-A337-25E44473F30D}.Debug|iPhone.Deploy.0 = Debug|iPhone
		{C6258DEA-C924-4434-A337-25E44473F30D}.Debug|iPhoneSimulator.ActiveCfg = Debug|iPhoneSimulator
		{C6258DEA-C924-4434-A337-25E44473F30D}.Debug|iPhoneSimulator.Build.0 = Debug|iPhoneSimulator
		{C6258DEA-C924-4434-A337-25E44473F30D}.Debug|iPhoneSimulator.Deploy.0 = Debug|iPhoneSimulator
		{C6258DEA-C924-4434-A337-25E44473F30D}.Release|Any CPU.ActiveCfg = Release|iPhone
		{C6258DEA-C924-4434-A337-25E44473F30D}.Release|Any CPU.Build.0 = Release|iPhone
		{C6258DEA-C924-4434-A337-25E44473F30D}.Release|Any CPU.Deploy.0 = Release|iPhone
		{C6258DEA-C924-4434-A337-25E44473F30D}.Release|iPhone.ActiveCfg = Release|iPhone
		{C6258DEA-C924-4434-A337-25E44473F30D}.Release|iPhone.Build.0 = Release|iPhone
		{C6258DEA-C924-4434-A337-25E44473F30D}.Release|iPhone.Deploy.0 = Release|iPhone
		{C6258DEA-C924-4434-A337-25E44473F30D}.Release|iPhoneSimulator.ActiveCfg = Release|iPhoneSimulator
		{C6258DEA-C924-4434-A337-25E44473F30D}.Release|iPhoneSimulator.Build.0 = Release|iPhoneSimulator
		{C6258DEA-C924-4434-A337-25E44473F30D}.Release|iPhoneSimulator.Deploy.0 = Release|iPhoneSimulator
		{333A2B2A-D1A4-4EC5-888B-10D5A39A9BDF}.Ad-Hoc|Any CPU.ActiveCfg = Debug|Any CPU
		{333A2B2A-D1A4-4EC5-888B-10D5A39A9BDF}.Ad-Hoc|Any CPU.Build.0 = Debug|Any CPU
		{333A2B2A-D1A4-4EC5-888B-10D5A39A9BDF}.Ad-Hoc|Any CPU.Deploy.0 = Debug|Any CPU
		{333A2B2A-D1A4-4EC5-888B-10D5A39A9BDF}.Ad-Hoc|iPhone.ActiveCfg = Debug|Any CPU
		{333A2B2A-D1A4-4EC5-888B-10D5A39A9BDF}.Ad-Hoc|iPhone.Build.0 = Debug|Any CPU
		{333A2B2A-D1A4-4EC5-888B-10D5A39A9BDF}.Ad-Hoc|iPhone.Deploy.0 = Debug|Any CPU
		{333A2B2A-D1A4-4EC5-888B-10D5A39A9BDF}.Ad-Hoc|iPhoneSimulator.ActiveCfg = Debug|Any CPU
		{333A2B2A-D1A4-4EC5-888B-10D5A39A9BDF}.Ad-Hoc|iPhoneSimulator.Build.0 = Debug|Any CPU
		{333A2B2A-D1A4-4EC5-888B-10D5A39A9BDF}.Ad-Hoc|iPhoneSimulator.Deploy.0 = Debug|Any CPU
		{333A2B2A-D1A4-4EC5-888B-10D5A39A9BDF}.AppStore|Any CPU.ActiveCfg = Debug|Any CPU
		{333A2B2A-D1A4-4EC5-888B-10D5A39A9BDF}.AppStore|Any CPU.Build.0 = Debug|Any CPU
		{333A2B2A-D1A4-4EC5-888B-10D5A39A9BDF}.AppStore|Any CPU.Deploy.0 = Debug|Any CPU
		{333A2B2A-D1A4-4EC5-888B-10D5A39A9BDF}.AppStore|iPhone.ActiveCfg = Debug|Any CPU
		{333A2B2A-D1A4-4EC5-888B-10D5A39A9BDF}.AppStore|iPhone.Build.0 = Debug|Any CPU
		{333A2B2A-D1A4-4EC5-888B-10D5A39A9BDF}.AppStore|iPhone.Deploy.0 = Debug|Any CPU
		{333A2B2A-D1A4-4EC5-888B-10D5A39A9BDF}.AppStore|iPhoneSimulator.ActiveCfg = Debug|Any CPU
		{333A2B2A-D1A4-4EC5-888B-10D5A39A9BDF}.AppStore|iPhoneSimulator.Build.0 = Debug|Any CPU
		{333A2B2A-D1A4-4EC5-888B-10D5A39A9BDF}.AppStore|iPhoneSimulator.Deploy.0 = Debug|Any CPU
		{333A2B2A-D1A4-4EC5-888B-10D5A39A9BDF}.Debug|Any CPU.ActiveCfg = Debug|Any CPU
		{333A2B2A-D1A4-4EC5-888B-10D5A39A9BDF}.Debug|Any CPU.Build.0 = Debug|Any CPU
		{333A2B2A-D1A4-4EC5-888B-10D5A39A9BDF}.Debug|Any CPU.Deploy.0 = Debug|Any CPU
		{333A2B2A-D1A4-4EC5-888B-10D5A39A9BDF}.Debug|iPhone.ActiveCfg = Debug|Any CPU
		{333A2B2A-D1A4-4EC5-888B-10D5A39A9BDF}.Debug|iPhone.Build.0 = Debug|Any CPU
		{333A2B2A-D1A4-4EC5-888B-10D5A39A9BDF}.Debug|iPhone.Deploy.0 = Debug|Any CPU
		{333A2B2A-D1A4-4EC5-888B-10D5A39A9BDF}.Debug|iPhoneSimulator.ActiveCfg = Debug|Any CPU
		{333A2B2A-D1A4-4EC5-888B-10D5A39A9BDF}.Debug|iPhoneSimulator.Build.0 = Debug|Any CPU
		{333A2B2A-D1A4-4EC5-888B-10D5A39A9BDF}.Debug|iPhoneSimulator.Deploy.0 = Debug|Any CPU
		{333A2B2A-D1A4-4EC5-888B-10D5A39A9BDF}.Release|Any CPU.ActiveCfg = Release|Any CPU
		{333A2B2A-D1A4-4EC5-888B-10D5A39A9BDF}.Release|Any CPU.Build.0 = Release|Any CPU
		{333A2B2A-D1A4-4EC5-888B-10D5A39A9BDF}.Release|Any CPU.Deploy.0 = Release|Any CPU
		{333A2B2A-D1A4-4EC5-888B-10D5A39A9BDF}.Release|iPhone.ActiveCfg = Release|Any CPU
		{333A2B2A-D1A4-4EC5-888B-10D5A39A9BDF}.Release|iPhone.Build.0 = Release|Any CPU
		{333A2B2A-D1A4-4EC5-888B-10D5A39A9BDF}.Release|iPhone.Deploy.0 = Release|Any CPU
		{333A2B2A-D1A4-4EC5-888B-10D5A39A9BDF}.Release|iPhoneSimulator.ActiveCfg = Release|Any CPU
		{333A2B2A-D1A4-4EC5-888B-10D5A39A9BDF}.Release|iPhoneSimulator.Build.0 = Release|Any CPU
		{333A2B2A-D1A4-4EC5-888B-10D5A39A9BDF}.Release|iPhoneSimulator.Deploy.0 = Release|Any CPU
	EndGlobalSection
	GlobalSection(SolutionProperties) = preSolution
		HideSolutionNode = FALSE
	EndGlobalSection
	GlobalSection(ExtensibilityGlobals) = postSolution
		SolutionGuid = {307DBCD5-8B94-45B3-87F9-C86900F143CE}
	EndGlobalSection
EndGlobal
